// !$*UTF8*$!
{
	archiveVersion = 1;
	classes = {
	};
	objectVersion = 48;
	objects = {

/* Begin PBXBuildFile section */
		3546B2ED2048A2630054F9BB /* AppDelegate.swift in Sources */ = {isa = PBXBuildFile; fileRef = 3546B2EC2048A2630054F9BB /* AppDelegate.swift */; };
		3546B2EF2048A2630054F9BB /* LogInViewController.swift in Sources */ = {isa = PBXBuildFile; fileRef = 3546B2EE2048A2630054F9BB /* LogInViewController.swift */; };
		3546B2F22048A2630054F9BB /* Main.storyboard in Resources */ = {isa = PBXBuildFile; fileRef = 3546B2F02048A2630054F9BB /* Main.storyboard */; };
		3546B2F72048A2630054F9BB /* LaunchScreen.storyboard in Resources */ = {isa = PBXBuildFile; fileRef = 3546B2F52048A2630054F9BB /* LaunchScreen.storyboard */; };
		3546B3072048A8A70054F9BB /* SignUpViewController.swift in Sources */ = {isa = PBXBuildFile; fileRef = 3546B3062048A8A70054F9BB /* SignUpViewController.swift */; };
		3546B3272048F2E10054F9BB /* GoogleService-Info.plist in Resources */ = {isa = PBXBuildFile; fileRef = 3546B3262048F2E10054F9BB /* GoogleService-Info.plist */; };
		3546B3292048F7580054F9BB /* CategoryTableViewController.swift in Sources */ = {isa = PBXBuildFile; fileRef = 3546B3282048F7580054F9BB /* CategoryTableViewController.swift */; };
		3546B32B2049FC420054F9BB /* Category.swift in Sources */ = {isa = PBXBuildFile; fileRef = 3546B32A2049FC420054F9BB /* Category.swift */; };
		3546B32D204A165E0054F9BB /* Restaurant.swift in Sources */ = {isa = PBXBuildFile; fileRef = 3546B32C204A165E0054F9BB /* Restaurant.swift */; };
		3546B32F204DD40E0054F9BB /* Assets.xcassets in Resources */ = {isa = PBXBuildFile; fileRef = 3546B32E204DD40E0054F9BB /* Assets.xcassets */; };
		42AD9511947A4614ED2F591B /* Pods_DineMe.framework in Frameworks */ = {isa = PBXBuildFile; fileRef = 697F0BE57368F12964E69CEB /* Pods_DineMe.framework */; };
/* End PBXBuildFile section */

/* Begin PBXFileReference section */
		3546B2E92048A2620054F9BB /* DineMe.app */ = {isa = PBXFileReference; explicitFileType = wrapper.application; includeInIndex = 0; path = DineMe.app; sourceTree = BUILT_PRODUCTS_DIR; };
		3546B2EC2048A2630054F9BB /* AppDelegate.swift */ = {isa = PBXFileReference; lastKnownFileType = sourcecode.swift; path = AppDelegate.swift; sourceTree = "<group>"; };
		3546B2EE2048A2630054F9BB /* LogInViewController.swift */ = {isa = PBXFileReference; lastKnownFileType = sourcecode.swift; path = LogInViewController.swift; sourceTree = "<group>"; };
		3546B2F12048A2630054F9BB /* Base */ = {isa = PBXFileReference; lastKnownFileType = file.storyboard; name = Base; path = Base.lproj/Main.storyboard; sourceTree = "<group>"; };
		3546B2F62048A2630054F9BB /* Base */ = {isa = PBXFileReference; lastKnownFileType = file.storyboard; name = Base; path = Base.lproj/LaunchScreen.storyboard; sourceTree = "<group>"; };
		3546B2F82048A2630054F9BB /* Info.plist */ = {isa = PBXFileReference; lastKnownFileType = text.plist.xml; path = Info.plist; sourceTree = "<group>"; };
		3546B3062048A8A70054F9BB /* SignUpViewController.swift */ = {isa = PBXFileReference; lastKnownFileType = sourcecode.swift; path = SignUpViewController.swift; sourceTree = "<group>"; };
		3546B3262048F2E10054F9BB /* GoogleService-Info.plist */ = {isa = PBXFileReference; fileEncoding = 4; lastKnownFileType = text.plist.xml; path = "GoogleService-Info.plist"; sourceTree = "<group>"; };
		3546B3282048F7580054F9BB /* CategoryTableViewController.swift */ = {isa = PBXFileReference; lastKnownFileType = sourcecode.swift; path = CategoryTableViewController.swift; sourceTree = "<group>"; };
		3546B32A2049FC420054F9BB /* Category.swift */ = {isa = PBXFileReference; lastKnownFileType = sourcecode.swift; path = Category.swift; sourceTree = "<group>"; };
		3546B32C204A165E0054F9BB /* Restaurant.swift */ = {isa = PBXFileReference; lastKnownFileType = sourcecode.swift; path = Restaurant.swift; sourceTree = "<group>"; };
		3546B32E204DD40E0054F9BB /* Assets.xcassets */ = {isa = PBXFileReference; lastKnownFileType = folder.assetcatalog; path = Assets.xcassets; sourceTree = "<group>"; };
		49612E9FA068338BF7DD7830 /* Pods-DineMe.release.xcconfig */ = {isa = PBXFileReference; includeInIndex = 1; lastKnownFileType = text.xcconfig; name = "Pods-DineMe.release.xcconfig"; path = "Pods/Target Support Files/Pods-DineMe/Pods-DineMe.release.xcconfig"; sourceTree = "<group>"; };
		697F0BE57368F12964E69CEB /* Pods_DineMe.framework */ = {isa = PBXFileReference; explicitFileType = wrapper.framework; includeInIndex = 0; path = Pods_DineMe.framework; sourceTree = BUILT_PRODUCTS_DIR; };
		AC19570793CB4981832428CB /* Pods-DineMe.debug.xcconfig */ = {isa = PBXFileReference; includeInIndex = 1; lastKnownFileType = text.xcconfig; name = "Pods-DineMe.debug.xcconfig"; path = "Pods/Target Support Files/Pods-DineMe/Pods-DineMe.debug.xcconfig"; sourceTree = "<group>"; };
/* End PBXFileReference section */

/* Begin PBXFrameworksBuildPhase section */
		3546B2E62048A2620054F9BB /* Frameworks */ = {
			isa = PBXFrameworksBuildPhase;
			buildActionMask = 2147483647;
			files = (
				42AD9511947A4614ED2F591B /* Pods_DineMe.framework in Frameworks */,
			);
			runOnlyForDeploymentPostprocessing = 0;
		};
/* End PBXFrameworksBuildPhase section */

/* Begin PBXGroup section */
		27B0EFE5D89829D6772C95D1 /* Pods */ = {
			isa = PBXGroup;
			children = (
				AC19570793CB4981832428CB /* Pods-DineMe.debug.xcconfig */,
				49612E9FA068338BF7DD7830 /* Pods-DineMe.release.xcconfig */,
			);
			name = Pods;
			sourceTree = "<group>";
		};
		3546B2E02048A2620054F9BB = {
			isa = PBXGroup;
			children = (
				3546B2EB2048A2620054F9BB /* DineMe */,
				3546B2EA2048A2620054F9BB /* Products */,
				27B0EFE5D89829D6772C95D1 /* Pods */,
				82F2AA633CDA00BA6B0AA49B /* Frameworks */,
			);
			sourceTree = "<group>";
		};
		3546B2EA2048A2620054F9BB /* Products */ = {
			isa = PBXGroup;
			children = (
				3546B2E92048A2620054F9BB /* DineMe.app */,
			);
			name = Products;
			sourceTree = "<group>";
		};
		3546B2EB2048A2620054F9BB /* DineMe */ = {
			isa = PBXGroup;
			children = (
				3546B3002048A7210054F9BB /* Model */,
				3546B3012048A7280054F9BB /* View */,
				3546B3022048A72D0054F9BB /* Controller */,
				3546B3032048A7780054F9BB /* Supporting Files */,
				3546B2F82048A2630054F9BB /* Info.plist */,
				3546B3262048F2E10054F9BB /* GoogleService-Info.plist */,
			);
			path = DineMe;
			sourceTree = "<group>";
		};
		3546B3002048A7210054F9BB /* Model */ = {
			isa = PBXGroup;
			children = (
				3546B32A2049FC420054F9BB /* Category.swift */,
				3546B32C204A165E0054F9BB /* Restaurant.swift */,
			);
			path = Model;
			sourceTree = "<group>";
		};
		3546B3012048A7280054F9BB /* View */ = {
			isa = PBXGroup;
			children = (
				3546B2F02048A2630054F9BB /* Main.storyboard */,
				3546B2F52048A2630054F9BB /* LaunchScreen.storyboard */,
			);
			path = View;
			sourceTree = "<group>";
		};
		3546B3022048A72D0054F9BB /* Controller */ = {
			isa = PBXGroup;
			children = (
				3546B2EC2048A2630054F9BB /* AppDelegate.swift */,
				3546B2EE2048A2630054F9BB /* LogInViewController.swift */,
				3546B3062048A8A70054F9BB /* SignUpViewController.swift */,
				3546B3282048F7580054F9BB /* CategoryTableViewController.swift */,
			);
			path = Controller;
			sourceTree = "<group>";
		};
		3546B3032048A7780054F9BB /* Supporting Files */ = {
			isa = PBXGroup;
			children = (
				3546B32E204DD40E0054F9BB /* Assets.xcassets */,
			);
			path = "Supporting Files";
			sourceTree = "<group>";
		};
		82F2AA633CDA00BA6B0AA49B /* Frameworks */ = {
			isa = PBXGroup;
			children = (
				697F0BE57368F12964E69CEB /* Pods_DineMe.framework */,
			);
			name = Frameworks;
			sourceTree = "<group>";
		};
/* End PBXGroup section */

/* Begin PBXNativeTarget section */
		3546B2E82048A2620054F9BB /* DineMe */ = {
			isa = PBXNativeTarget;
			buildConfigurationList = 3546B2FB2048A2630054F9BB /* Build configuration list for PBXNativeTarget "DineMe" */;
			buildPhases = (
				A49CA7A20FD75E9528316357 /* [CP] Check Pods Manifest.lock */,
				3546B2E52048A2620054F9BB /* Sources */,
				3546B2E62048A2620054F9BB /* Frameworks */,
				3546B2E72048A2620054F9BB /* Resources */,
				615FFE4C6308420F0B4FC6F9 /* [CP] Embed Pods Frameworks */,
				DCD00BF1EB68F84A31707B1B /* [CP] Copy Pods Resources */,
			);
			buildRules = (
			);
			dependencies = (
			);
			name = DineMe;
			productName = DineMe;
			productReference = 3546B2E92048A2620054F9BB /* DineMe.app */;
			productType = "com.apple.product-type.application";
		};
/* End PBXNativeTarget section */

/* Begin PBXProject section */
		3546B2E12048A2620054F9BB /* Project object */ = {
			isa = PBXProject;
			attributes = {
				LastSwiftUpdateCheck = 0920;
				LastUpgradeCheck = 0920;
				ORGANIZATIONNAME = "Kyle Wang";
				TargetAttributes = {
					3546B2E82048A2620054F9BB = {
						CreatedOnToolsVersion = 9.2;
						ProvisioningStyle = Automatic;
					};
				};
			};
			buildConfigurationList = 3546B2E42048A2620054F9BB /* Build configuration list for PBXProject "DineMe" */;
			compatibilityVersion = "Xcode 8.0";
			developmentRegion = en;
			hasScannedForEncodings = 0;
			knownRegions = (
				en,
				Base,
			);
			mainGroup = 3546B2E02048A2620054F9BB;
			productRefGroup = 3546B2EA2048A2620054F9BB /* Products */;
			projectDirPath = "";
			projectRoot = "";
			targets = (
				3546B2E82048A2620054F9BB /* DineMe */,
			);
		};
/* End PBXProject section */

/* Begin PBXResourcesBuildPhase section */
		3546B2E72048A2620054F9BB /* Resources */ = {
			isa = PBXResourcesBuildPhase;
			buildActionMask = 2147483647;
			files = (
				3546B2F72048A2630054F9BB /* LaunchScreen.storyboard in Resources */,
				3546B3272048F2E10054F9BB /* GoogleService-Info.plist in Resources */,
				3546B32F204DD40E0054F9BB /* Assets.xcassets in Resources */,
				3546B2F22048A2630054F9BB /* Main.storyboard in Resources */,
			);
			runOnlyForDeploymentPostprocessing = 0;
		};
/* End PBXResourcesBuildPhase section */

/* Begin PBXShellScriptBuildPhase section */
		615FFE4C6308420F0B4FC6F9 /* [CP] Embed Pods Frameworks */ = {
			isa = PBXShellScriptBuildPhase;
			buildActionMask = 2147483647;
			files = (
			);
			inputPaths = (
				"${SRCROOT}/Pods/Target Support Files/Pods-DineMe/Pods-DineMe-frameworks.sh",
				"${BUILT_PRODUCTS_DIR}/GTMSessionFetcher/GTMSessionFetcher.framework",
				"${BUILT_PRODUCTS_DIR}/GoogleToolboxForMac/GoogleToolboxForMac.framework",
				"${BUILT_PRODUCTS_DIR}/Realm/Realm.framework",
				"${BUILT_PRODUCTS_DIR}/RealmSwift/RealmSwift.framework",
				"${BUILT_PRODUCTS_DIR}/SwipeCellKit/SwipeCellKit.framework",
				"${BUILT_PRODUCTS_DIR}/leveldb-library/leveldb.framework",
				"${BUILT_PRODUCTS_DIR}/nanopb/nanopb.framework",
			);
			name = "[CP] Embed Pods Frameworks";
			outputPaths = (
				"${TARGET_BUILD_DIR}/${FRAMEWORKS_FOLDER_PATH}/GTMSessionFetcher.framework",
				"${TARGET_BUILD_DIR}/${FRAMEWORKS_FOLDER_PATH}/GoogleToolboxForMac.framework",
				"${TARGET_BUILD_DIR}/${FRAMEWORKS_FOLDER_PATH}/Realm.framework",
				"${TARGET_BUILD_DIR}/${FRAMEWORKS_FOLDER_PATH}/RealmSwift.framework",
				"${TARGET_BUILD_DIR}/${FRAMEWORKS_FOLDER_PATH}/SwipeCellKit.framework",
				"${TARGET_BUILD_DIR}/${FRAMEWORKS_FOLDER_PATH}/leveldb.framework",
				"${TARGET_BUILD_DIR}/${FRAMEWORKS_FOLDER_PATH}/nanopb.framework",
			);
			runOnlyForDeploymentPostprocessing = 0;
			shellPath = /bin/sh;
			shellScript = "\"${SRCROOT}/Pods/Target Support Files/Pods-DineMe/Pods-DineMe-frameworks.sh\"\n";
			showEnvVarsInLog = 0;
		};
		A49CA7A20FD75E9528316357 /* [CP] Check Pods Manifest.lock */ = {
			isa = PBXShellScriptBuildPhase;
			buildActionMask = 2147483647;
			files = (
			);
			inputPaths = (
				"${PODS_PODFILE_DIR_PATH}/Podfile.lock",
				"${PODS_ROOT}/Manifest.lock",
			);
			name = "[CP] Check Pods Manifest.lock";
			outputPaths = (
				"$(DERIVED_FILE_DIR)/Pods-DineMe-checkManifestLockResult.txt",
			);
			runOnlyForDeploymentPostprocessing = 0;
			shellPath = /bin/sh;
			shellScript = "diff \"${PODS_PODFILE_DIR_PATH}/Podfile.lock\" \"${PODS_ROOT}/Manifest.lock\" > /dev/null\nif [ $? != 0 ] ; then\n    # print error to STDERR\n    echo \"error: The sandbox is not in sync with the Podfile.lock. Run 'pod install' or update your CocoaPods installation.\" >&2\n    exit 1\nfi\n# This output is used by Xcode 'outputs' to avoid re-running this script phase.\necho \"SUCCESS\" > \"${SCRIPT_OUTPUT_FILE_0}\"\n";
			showEnvVarsInLog = 0;
		};
		DCD00BF1EB68F84A31707B1B /* [CP] Copy Pods Resources */ = {
			isa = PBXShellScriptBuildPhase;
			buildActionMask = 2147483647;
			files = (
			);
			inputPaths = (
			);
			name = "[CP] Copy Pods Resources";
			outputPaths = (
			);
			runOnlyForDeploymentPostprocessing = 0;
			shellPath = /bin/sh;
			shellScript = "\"${SRCROOT}/Pods/Target Support Files/Pods-DineMe/Pods-DineMe-resources.sh\"\n";
			showEnvVarsInLog = 0;
		};
/* End PBXShellScriptBuildPhase section */

/* Begin PBXSourcesBuildPhase section */
		3546B2E52048A2620054F9BB /* Sources */ = {
			isa = PBXSourcesBuildPhase;
			buildActionMask = 2147483647;
			files = (
				3546B2EF2048A2630054F9BB /* LogInViewController.swift in Sources */,
				3546B32B2049FC420054F9BB /* Category.swift in Sources */,
				3546B32D204A165E0054F9BB /* Restaurant.swift in Sources */,
				3546B2ED2048A2630054F9BB /* AppDelegate.swift in Sources */,
				3546B3072048A8A70054F9BB /* SignUpViewController.swift in Sources */,
				3546B3292048F7580054F9BB /* CategoryTableViewController.swift in Sources */,
			);
			runOnlyForDeploymentPostprocessing = 0;
		};
/* End PBXSourcesBuildPhase section */

/* Begin PBXVariantGroup section */
		3546B2F02048A2630054F9BB /* Main.storyboard */ = {
			isa = PBXVariantGroup;
			children = (
				3546B2F12048A2630054F9BB /* Base */,
			);
			name = Main.storyboard;
			sourceTree = "<group>";
		};
		3546B2F52048A2630054F9BB /* LaunchScreen.storyboard */ = {
			isa = PBXVariantGroup;
			children = (
				3546B2F62048A2630054F9BB /* Base */,
			);
			name = LaunchScreen.storyboard;
			sourceTree = "<group>";
		};
/* End PBXVariantGroup section */

/* Begin XCBuildConfiguration section */
		3546B2F92048A2630054F9BB /* Debug */ = {
			isa = XCBuildConfiguration;
			buildSettings = {
				ALWAYS_SEARCH_USER_PATHS = NO;
				CLANG_ANALYZER_NONNULL = YES;
				CLANG_ANALYZER_NUMBER_OBJECT_CONVERSION = YES_AGGRESSIVE;
				CLANG_CXX_LANGUAGE_STANDARD = "gnu++14";
				CLANG_CXX_LIBRARY = "libc++";
				CLANG_ENABLE_MODULES = YES;
				CLANG_ENABLE_OBJC_ARC = YES;
				CLANG_WARN_BLOCK_CAPTURE_AUTORELEASING = YES;
				CLANG_WARN_BOOL_CONVERSION = YES;
				CLANG_WARN_COMMA = YES;
				CLANG_WARN_CONSTANT_CONVERSION = YES;
				CLANG_WARN_DIRECT_OBJC_ISA_USAGE = YES_ERROR;
				CLANG_WARN_DOCUMENTATION_COMMENTS = YES;
				CLANG_WARN_EMPTY_BODY = YES;
				CLANG_WARN_ENUM_CONVERSION = YES;
				CLANG_WARN_INFINITE_RECURSION = YES;
				CLANG_WARN_INT_CONVERSION = YES;
				CLANG_WARN_NON_LITERAL_NULL_CONVERSION = YES;
				CLANG_WARN_OBJC_LITERAL_CONVERSION = YES;
				CLANG_WARN_OBJC_ROOT_CLASS = YES_ERROR;
				CLANG_WARN_RANGE_LOOP_ANALYSIS = YES;
				CLANG_WARN_STRICT_PROTOTYPES = YES;
				CLANG_WARN_SUSPICIOUS_MOVE = YES;
				CLANG_WARN_UNGUARDED_AVAILABILITY = YES_AGGRESSIVE;
				CLANG_WARN_UNREACHABLE_CODE = YES;
				CLANG_WARN__DUPLICATE_METHOD_MATCH = YES;
				CODE_SIGN_IDENTITY = "iPhone Developer";
				COPY_PHASE_STRIP = NO;
				DEBUG_INFORMATION_FORMAT = dwarf;
				ENABLE_STRICT_OBJC_MSGSEND = YES;
				ENABLE_TESTABILITY = YES;
				GCC_C_LANGUAGE_STANDARD = gnu11;
				GCC_DYNAMIC_NO_PIC = NO;
				GCC_NO_COMMON_BLOCKS = YES;
				GCC_OPTIMIZATION_LEVEL = 0;
				GCC_PREPROCESSOR_DEFINITIONS = (
					"DEBUG=1",
					"$(inherited)",
				);
				GCC_WARN_64_TO_32_BIT_CONVERSION = YES;
				GCC_WARN_ABOUT_RETURN_TYPE = YES_ERROR;
				GCC_WARN_UNDECLARED_SELECTOR = YES;
				GCC_WARN_UNINITIALIZED_AUTOS = YES_AGGRESSIVE;
				GCC_WARN_UNUSED_FUNCTION = YES;
				GCC_WARN_UNUSED_VARIABLE = YES;
				IPHONEOS_DEPLOYMENT_TARGET = 11.2;
				MTL_ENABLE_DEBUG_INFO = YES;
				ONLY_ACTIVE_ARCH = YES;
				SDKROOT = iphoneos;
				SWIFT_ACTIVE_COMPILATION_CONDITIONS = DEBUG;
				SWIFT_OPTIMIZATION_LEVEL = "-Onone";
			};
			name = Debug;
		};
		3546B2FA2048A2630054F9BB /* Release */ = {
			isa = XCBuildConfiguration;
			buildSettings = {
				ALWAYS_SEARCH_USER_PATHS = NO;
				CLANG_ANALYZER_NONNULL = YES;
				CLANG_ANALYZER_NUMBER_OBJECT_CONVERSION = YES_AGGRESSIVE;
				CLANG_CXX_LANGUAGE_STANDARD = "gnu++14";
				CLANG_CXX_LIBRARY = "libc++";
				CLANG_ENABLE_MODULES = YES;
				CLANG_ENABLE_OBJC_ARC = YES;
				CLANG_WARN_BLOCK_CAPTURE_AUTORELEASING = YES;
				CLANG_WARN_BOOL_CONVERSION = YES;
				CLANG_WARN_COMMA = YES;
				CLANG_WARN_CONSTANT_CONVERSION = YES;
				CLANG_WARN_DIRECT_OBJC_ISA_USAGE = YES_ERROR;
				CLANG_WARN_DOCUMENTATION_COMMENTS = YES;
				CLANG_WARN_EMPTY_BODY = YES;
				CLANG_WARN_ENUM_CONVERSION = YES;
				CLANG_WARN_INFINITE_RECURSION = YES;
				CLANG_WARN_INT_CONVERSION = YES;
				CLANG_WARN_NON_LITERAL_NULL_CONVERSION = YES;
				CLANG_WARN_OBJC_LITERAL_CONVERSION = YES;
				CLANG_WARN_OBJC_ROOT_CLASS = YES_ERROR;
				CLANG_WARN_RANGE_LOOP_ANALYSIS = YES;
				CLANG_WARN_STRICT_PROTOTYPES = YES;
				CLANG_WARN_SUSPICIOUS_MOVE = YES;
				CLANG_WARN_UNGUARDED_AVAILABILITY = YES_AGGRESSIVE;
				CLANG_WARN_UNREACHABLE_CODE = YES;
				CLANG_WARN__DUPLICATE_METHOD_MATCH = YES;
				CODE_SIGN_IDENTITY = "iPhone Developer";
				COPY_PHASE_STRIP = NO;
				DEBUG_INFORMATION_FORMAT = "dwarf-with-dsym";
				ENABLE_NS_ASSERTIONS = NO;
				ENABLE_STRICT_OBJC_MSGSEND = YES;
				GCC_C_LANGUAGE_STANDARD = gnu11;
				GCC_NO_COMMON_BLOCKS = YES;
				GCC_WARN_64_TO_32_BIT_CONVERSION = YES;
				GCC_WARN_ABOUT_RETURN_TYPE = YES_ERROR;
				GCC_WARN_UNDECLARED_SELECTOR = YES;
				GCC_WARN_UNINITIALIZED_AUTOS = YES_AGGRESSIVE;
				GCC_WARN_UNUSED_FUNCTION = YES;
				GCC_WARN_UNUSED_VARIABLE = YES;
				IPHONEOS_DEPLOYMENT_TARGET = 11.2;
				MTL_ENABLE_DEBUG_INFO = NO;
				SDKROOT = iphoneos;
				SWIFT_OPTIMIZATION_LEVEL = "-Owholemodule";
				VALIDATE_PRODUCT = YES;
			};
			name = Release;
		};
		3546B2FC2048A2630054F9BB /* Debug */ = {
			isa = XCBuildConfiguration;
			baseConfigurationReference = AC19570793CB4981832428CB /* Pods-DineMe.debug.xcconfig */;
			buildSettings = {
				ASSETCATALOG_COMPILER_APPICON_NAME = AppIcon;
				CODE_SIGN_STYLE = Automatic;
				DEVELOPMENT_TEAM = UGC6L7VCAJ;
				INFOPLIST_FILE = DineMe/Info.plist;
				LD_RUNPATH_SEARCH_PATHS = "$(inherited) @executable_path/Frameworks";
				PRODUCT_BUNDLE_IDENTIFIER = com.KyleWang.DineMe;
				PRODUCT_NAME = "$(TARGET_NAME)";
				SWIFT_VERSION = 4.0;
				TARGETED_DEVICE_FAMILY = "1,2";
			};
			name = Debug;
		};
		3546B2FD2048A2630054F9BB /* Release */ = {
			isa = XCBuildConfiguration;
			baseConfigurationReference = 49612E9FA068338BF7DD7830 /* Pods-DineMe.release.xcconfig */;
			buildSettings = {
				ASSETCATALOG_COMPILER_APPICON_NAME = AppIcon;
				CODE_SIGN_STYLE = Automatic;
				DEVELOPMENT_TEAM = UGC6L7VCAJ;
				INFOPLIST_FILE = DineMe/Info.plist;
				LD_RUNPATH_SEARCH_PATHS = "$(inherited) @executable_path/Frameworks";
				PRODUCT_BUNDLE_IDENTIFIER = com.KyleWang.DineMe;
				PRODUCT_NAME = "$(TARGET_NAME)";
				SWIFT_VERSION = 4.0;
				TARGETED_DEVICE_FAMILY = "1,2";
			};
			name = Release;
		};
/* End XCBuildConfiguration section */

/* Begin XCConfigurationList section */
		3546B2E42048A2620054F9BB /* Build configuration list for PBXProject "DineMe" */ = {
			isa = XCConfigurationList;
			buildConfigurations = (
				3546B2F92048A2630054F9BB /* Debug */,
				3546B2FA2048A2630054F9BB /* Release */,
			);
			defaultConfigurationIsVisible = 0;
			defaultConfigurationName = Release;
		};
		3546B2FB2048A2630054F9BB /* Build configuration list for PBXNativeTarget "DineMe" */ = {
			isa = XCConfigurationList;
			buildConfigurations = (
				3546B2FC2048A2630054F9BB /* Debug */,
				3546B2FD2048A2630054F9BB /* Release */,
			);
			defaultConfigurationIsVisible = 0;
			defaultConfigurationName = Release;
		};
/* End XCConfigurationList section */
	};
	rootObject = 3546B2E12048A2620054F9BB /* Project object */;
}
